
Microsoft Visual Studio Solution File, Format Version 12.00
# Visual Studio Version 17
VisualStudioVersion = 17.9.34728.123
MinimumVisualStudioVersion = 10.0.40219.1
Project("{FAE04EC0-301F-11D3-BF4B-00C04F79EFBC}") = "AngularApp.Server", "AngularApp.Server\AngularApp.Server.csproj", "{A0552FC3-3F7C-4FC5-ACEC-6BF87C1479C3}"
EndProject
Project("{54A90642-561A-4BB1-A94E-469ADEE60C69}") = "angularapp.client", "angularapp.client\angularapp.client.esproj", "{59E98582-A081-4E30-A8DE-580457D1F5C0}"
EndProject
Global
	GlobalSection(SolutionConfigurationPlatforms) = preSolution
		Debug|Any CPU = Debug|Any CPU
		Release|Any CPU = Release|Any CPU
	EndGlobalSection
	GlobalSection(ProjectConfigurationPlatforms) = postSolution
		{A0552FC3-3F7C-4FC5-ACEC-6BF87C1479C3}.Debug|Any CPU.ActiveCfg = Debug|Any CPU
		{A0552FC3-3F7C-4FC5-ACEC-6BF87C1479C3}.Debug|Any CPU.Build.0 = Debug|Any CPU
		{A0552FC3-3F7C-4FC5-ACEC-6BF87C1479C3}.Release|Any CPU.ActiveCfg = Release|Any CPU
		{A0552FC3-3F7C-4FC5-ACEC-6BF87C1479C3}.Release|Any CPU.Build.0 = Release|Any CPU
		{59E98582-A081-4E30-A8DE-580457D1F5C0}.Debug|Any CPU.ActiveCfg = Debug|Any CPU
		{59E98582-A081-4E30-A8DE-580457D1F5C0}.Debug|Any CPU.Build.0 = Debug|Any CPU
		{59E98582-A081-4E30-A8DE-580457D1F5C0}.Debug|Any CPU.Deploy.0 = Debug|Any CPU
		{59E98582-A081-4E30-A8DE-580457D1F5C0}.Release|Any CPU.ActiveCfg = Release|Any CPU
		{59E98582-A081-4E30-A8DE-580457D1F5C0}.Release|Any CPU.Build.0 = Release|Any CPU
		{59E98582-A081-4E30-A8DE-580457D1F5C0}.Release|Any CPU.Deploy.0 = Release|Any CPU
	EndGlobalSection
	GlobalSection(SolutionProperties) = preSolution
		HideSolutionNode = FALSE
	EndGlobalSection
	GlobalSection(ExtensibilityGlobals) = postSolution
		SolutionGuid = {B1846E75-EA86-493B-8636-3D51D05C0086}
	EndGlobalSection
EndGlobal
